// !$*UTF8*$!
{
	archiveVersion = 1;
	classes = {
	};
	objectVersion = 77;
	objects = {

/* Begin PBXBuildFile section */
		0F316C98B64853646653A452 /* ViewModel.swift in Sources */ = {isa = PBXBuildFile; fileRef = 10991C0EAFF087AFED612079 /* ViewModel.swift */; };
		20CEE8296F48C66553FF6221 /* APIClient.swift in Sources */ = {isa = PBXBuildFile; fileRef = 32E5CB3B4902D91BD532A39C /* APIClient.swift */; };
		228E1AAF343864FD22A07FB8 /* Assets.xcassets in Resources */ = {isa = PBXBuildFile; fileRef = 2AC8B9A4B5220B5B26CCB823 /* Assets.xcassets */; };
		3682C10C52961C5DB6DF9811 /* ContentView.swift in Sources */ = {isa = PBXBuildFile; fileRef = BEB480DFE1A54467C0027334 /* ContentView.swift */; };
		400CBEA2672E971FBCA3B020 /* CustomApp.swift in Sources */ = {isa = PBXBuildFile; fileRef = 55A4D5354E02F7993441B7FA /* CustomApp.swift */; };
		5CBCA8E2CCC71F696F4F65A9 /* ServiceDiscovery.swift in Sources */ = {isa = PBXBuildFile; fileRef = 70AA4DC7668156F96F753890 /* ServiceDiscovery.swift */; };
		798F5B10901F8091ACFE530F /* Extensions.swift in Sources */ = {isa = PBXBuildFile; fileRef = 92523BDA7896EAB1C69992CE /* Extensions.swift */; };
		7E65155C10CC2A096275D60F /* PagedDeckView.swift in Sources */ = {isa = PBXBuildFile; fileRef = 6D2664D10625162ECBB7B1BB /* PagedDeckView.swift */; };
		8237855E842C56AFA776D514 /* MutePanel.swift in Sources */ = {isa = PBXBuildFile; fileRef = 60321DC33BB61A5150D505E1 /* MutePanel.swift */; };
		92CD37CA5E8E12724A929657 /* SettingsView.swift in Sources */ = {isa = PBXBuildFile; fileRef = E868B988119C5E1E15678789 /* SettingsView.swift */; };
		9E8BFA325F7B2B818A4F5908 /* AppEditorView.swift in Sources */ = {isa = PBXBuildFile; fileRef = 239BA1AE4EB8468DDF905F23 /* AppEditorView.swift */; };
		BCE2024D5D37E66791A69D98 /* AppProfiles.swift in Sources */ = {isa = PBXBuildFile; fileRef = 695B5651184DFBF6FDB4BDAF /* AppProfiles.swift */; };
		CD8838864CE6B4540C6289BD /* AppProfilePage.swift in Sources */ = {isa = PBXBuildFile; fileRef = A8EDB9AB8D0A3096B394EB1B /* AppProfilePage.swift */; };
		DBD13ED1D49C6DC1C1C9F0AE /* SystemPage.swift in Sources */ = {isa = PBXBuildFile; fileRef = 3CAE54F73C43597821DCF114 /* SystemPage.swift */; };
		E902EA1F9E87D1534856B94A /* DeckGrid.swift in Sources */ = {isa = PBXBuildFile; fileRef = AD7C482412C5A4CF8674F466 /* DeckGrid.swift */; };
		F304F3F3D023E8A80B5EEFF4 /* MacDeckApp.swift in Sources */ = {isa = PBXBuildFile; fileRef = 4D484D8311B03D64C563C6C7 /* MacDeckApp.swift */; };
		F4AE526B778BB5BA39D0B7C6 /* LeftPanel.swift in Sources */ = {isa = PBXBuildFile; fileRef = 069F8A81D63885FF4E972874 /* LeftPanel.swift */; };
/* End PBXBuildFile section */

/* Begin PBXFileReference section */
		069F8A81D63885FF4E972874 /* LeftPanel.swift */ = {isa = PBXFileReference; lastKnownFileType = sourcecode.swift; path = LeftPanel.swift; sourceTree = "<group>"; };
		10991C0EAFF087AFED612079 /* ViewModel.swift */ = {isa = PBXFileReference; lastKnownFileType = sourcecode.swift; path = ViewModel.swift; sourceTree = "<group>"; };
		239BA1AE4EB8468DDF905F23 /* AppEditorView.swift */ = {isa = PBXFileReference; lastKnownFileType = sourcecode.swift; path = AppEditorView.swift; sourceTree = "<group>"; };
		2AC8B9A4B5220B5B26CCB823 /* Assets.xcassets */ = {isa = PBXFileReference; lastKnownFileType = folder.assetcatalog; path = Assets.xcassets; sourceTree = "<group>"; };
		32E5CB3B4902D91BD532A39C /* APIClient.swift */ = {isa = PBXFileReference; lastKnownFileType = sourcecode.swift; path = APIClient.swift; sourceTree = "<group>"; };
		3CAE54F73C43597821DCF114 /* SystemPage.swift */ = {isa = PBXFileReference; lastKnownFileType = sourcecode.swift; path = SystemPage.swift; sourceTree = "<group>"; };
		4D484D8311B03D64C563C6C7 /* MacDeckApp.swift */ = {isa = PBXFileReference; lastKnownFileType = sourcecode.swift; path = MacDeckApp.swift; sourceTree = "<group>"; };
		55A4D5354E02F7993441B7FA /* CustomApp.swift */ = {isa = PBXFileReference; lastKnownFileType = sourcecode.swift; path = CustomApp.swift; sourceTree = "<group>"; };
		60321DC33BB61A5150D505E1 /* MutePanel.swift */ = {isa = PBXFileReference; lastKnownFileType = sourcecode.swift; path = MutePanel.swift; sourceTree = "<group>"; };
		695B5651184DFBF6FDB4BDAF /* AppProfiles.swift */ = {isa = PBXFileReference; lastKnownFileType = sourcecode.swift; path = AppProfiles.swift; sourceTree = "<group>"; };
		6D2664D10625162ECBB7B1BB /* PagedDeckView.swift */ = {isa = PBXFileReference; lastKnownFileType = sourcecode.swift; path = PagedDeckView.swift; sourceTree = "<group>"; };
		70AA4DC7668156F96F753890 /* ServiceDiscovery.swift */ = {isa = PBXFileReference; lastKnownFileType = sourcecode.swift; path = ServiceDiscovery.swift; sourceTree = "<group>"; };
		92523BDA7896EAB1C69992CE /* Extensions.swift */ = {isa = PBXFileReference; lastKnownFileType = sourcecode.swift; path = Extensions.swift; sourceTree = "<group>"; };
		A8EDB9AB8D0A3096B394EB1B /* AppProfilePage.swift */ = {isa = PBXFileReference; lastKnownFileType = sourcecode.swift; path = AppProfilePage.swift; sourceTree = "<group>"; };
		AD7C482412C5A4CF8674F466 /* DeckGrid.swift */ = {isa = PBXFileReference; lastKnownFileType = sourcecode.swift; path = DeckGrid.swift; sourceTree = "<group>"; };
		BEB480DFE1A54467C0027334 /* ContentView.swift */ = {isa = PBXFileReference; lastKnownFileType = sourcecode.swift; path = ContentView.swift; sourceTree = "<group>"; };
		E651998EADD3E557575A197F /* Info.plist */ = {isa = PBXFileReference; lastKnownFileType = text.plist; path = Info.plist; sourceTree = "<group>"; };
		E868B988119C5E1E15678789 /* SettingsView.swift */ = {isa = PBXFileReference; lastKnownFileType = sourcecode.swift; path = SettingsView.swift; sourceTree = "<group>"; };
		ECED04979D01D0AAEB1F7EAA /* MacDeck.app */ = {isa = PBXFileReference; includeInIndex = 0; lastKnownFileType = wrapper.application; path = MacDeck.app; sourceTree = BUILT_PRODUCTS_DIR; };
/* End PBXFileReference section */

/* Begin PBXGroup section */
		61CFF8BB9C582558BD1D2FB9 /* MacDeck */ = {
			isa = PBXGroup;
			children = (
				32E5CB3B4902D91BD532A39C /* APIClient.swift */,
				239BA1AE4EB8468DDF905F23 /* AppEditorView.swift */,
				A8EDB9AB8D0A3096B394EB1B /* AppProfilePage.swift */,
				695B5651184DFBF6FDB4BDAF /* AppProfiles.swift */,
				2AC8B9A4B5220B5B26CCB823 /* Assets.xcassets */,
				BEB480DFE1A54467C0027334 /* ContentView.swift */,
				55A4D5354E02F7993441B7FA /* CustomApp.swift */,
				AD7C482412C5A4CF8674F466 /* DeckGrid.swift */,
				92523BDA7896EAB1C69992CE /* Extensions.swift */,
				E651998EADD3E557575A197F /* Info.plist */,
				069F8A81D63885FF4E972874 /* LeftPanel.swift */,
				4D484D8311B03D64C563C6C7 /* MacDeckApp.swift */,
				60321DC33BB61A5150D505E1 /* MutePanel.swift */,
				6D2664D10625162ECBB7B1BB /* PagedDeckView.swift */,
				70AA4DC7668156F96F753890 /* ServiceDiscovery.swift */,
				E868B988119C5E1E15678789 /* SettingsView.swift */,
				3CAE54F73C43597821DCF114 /* SystemPage.swift */,
				10991C0EAFF087AFED612079 /* ViewModel.swift */,
			);
			path = MacDeck;
			sourceTree = "<group>";
		};
		6792141E961BBADCE9C15D16 /* Products */ = {
			isa = PBXGroup;
			children = (
				ECED04979D01D0AAEB1F7EAA /* MacDeck.app */,
			);
			name = Products;
			sourceTree = "<group>";
		};
		88E3B5214547C25FB90194E0 = {
			isa = PBXGroup;
			children = (
				61CFF8BB9C582558BD1D2FB9 /* MacDeck */,
				6792141E961BBADCE9C15D16 /* Products */,
			);
			sourceTree = "<group>";
		};
/* End PBXGroup section */

/* Begin PBXNativeTarget section */
		8F5DE68F20B6F247237F7BBE /* MacDeck */ = {
			isa = PBXNativeTarget;
			buildConfigurationList = FAB547B804DFB4B79D6B48F8 /* Build configuration list for PBXNativeTarget "MacDeck" */;
			buildPhases = (
				ED0D6B1515CA96286B916FFB /* Sources */,
				38D4B5249A2FB11CFE244D07 /* Resources */,
			);
			buildRules = (
			);
			dependencies = (
			);
			name = MacDeck;
			packageProductDependencies = (
			);
			productName = MacDeck;
			productReference = ECED04979D01D0AAEB1F7EAA /* MacDeck.app */;
			productType = "com.apple.product-type.application";
		};
/* End PBXNativeTarget section */

/* Begin PBXProject section */
		DF4F024994B982F22962E99E /* Project object */ = {
			isa = PBXProject;
			attributes = {
				BuildIndependentTargetsInParallel = YES;
				LastUpgradeCheck = 1500;
				TargetAttributes = {
					8F5DE68F20B6F247237F7BBE = {
						DevelopmentTeam = 4TAY4CMD35;
					};
				};
			};
			buildConfigurationList = 9C63BF42BC3E1DC0A215B341 /* Build configuration list for PBXProject "MacDeck" */;
			developmentRegion = en;
			hasScannedForEncodings = 0;
			knownRegions = (
				Base,
				en,
			);
			mainGroup = 88E3B5214547C25FB90194E0;
			minimizedProjectReferenceProxies = 1;
			preferredProjectObjectVersion = 77;
			productRefGroup = 6792141E961BBADCE9C15D16 /* Products */;
			projectDirPath = "";
			projectRoot = "";
			targets = (
				8F5DE68F20B6F247237F7BBE /* MacDeck */,
			);
		};
/* End PBXProject section */

/* Begin PBXResourcesBuildPhase section */
		38D4B5249A2FB11CFE244D07 /* Resources */ = {
			isa = PBXResourcesBuildPhase;
			buildActionMask = 2147483647;
			files = (
				228E1AAF343864FD22A07FB8 /* Assets.xcassets in Resources */,
			);
			runOnlyForDeploymentPostprocessing = 0;
		};
/* End PBXResourcesBuildPhase section */

/* Begin PBXSourcesBuildPhase section */
		ED0D6B1515CA96286B916FFB /* Sources */ = {
			isa = PBXSourcesBuildPhase;
			buildActionMask = 2147483647;
			files = (
				20CEE8296F48C66553FF6221 /* APIClient.swift in Sources */,
				9E8BFA325F7B2B818A4F5908 /* AppEditorView.swift in Sources */,
				CD8838864CE6B4540C6289BD /* AppProfilePage.swift in Sources */,
				BCE2024D5D37E66791A69D98 /* AppProfiles.swift in Sources */,
				3682C10C52961C5DB6DF9811 /* ContentView.swift in Sources */,
				400CBEA2672E971FBCA3B020 /* CustomApp.swift in Sources */,
				E902EA1F9E87D1534856B94A /* DeckGrid.swift in Sources */,
				798F5B10901F8091ACFE530F /* Extensions.swift in Sources */,
				F4AE526B778BB5BA39D0B7C6 /* LeftPanel.swift in Sources */,
				F304F3F3D023E8A80B5EEFF4 /* MacDeckApp.swift in Sources */,
				8237855E842C56AFA776D514 /* MutePanel.swift in Sources */,
				7E65155C10CC2A096275D60F /* PagedDeckView.swift in Sources */,
				5CBCA8E2CCC71F696F4F65A9 /* ServiceDiscovery.swift in Sources */,
				92CD37CA5E8E12724A929657 /* SettingsView.swift in Sources */,
				DBD13ED1D49C6DC1C1C9F0AE /* SystemPage.swift in Sources */,
				0F316C98B64853646653A452 /* ViewModel.swift in Sources */,
			);
			runOnlyForDeploymentPostprocessing = 0;
		};
/* End PBXSourcesBuildPhase section */

/* Begin XCBuildConfiguration section */
		682D6906CC19DE07975E4560 /* Release */ = {
			isa = XCBuildConfiguration;
			buildSettings = {
				ASSETCATALOG_COMPILER_APPICON_NAME = AppIcon;
				CODE_SIGN_IDENTITY = "iPhone Developer";
				INFOPLIST_FILE = MacDeck/Info.plist;
				LD_RUNPATH_SEARCH_PATHS = (
					"$(inherited)",
					"@executable_path/Frameworks",
				);
				PRODUCT_BUNDLE_IDENTIFIER = com.macdeck.MacDeck;
				SDKROOT = iphoneos;
				TARGETED_DEVICE_FAMILY = "1,2";
			};
			name = Release;
		};
		A509A893F744BE47801EF1CB /* Debug */ = {
			isa = XCBuildConfiguration;
			buildSettings = {
				ALWAYS_SEARCH_USER_PATHS = NO;
				CLANG_ANALYZER_NONNULL = YES;
				CLANG_ANALYZER_NUMBER_OBJECT_CONVERSION = YES_AGGRESSIVE;
				CLANG_CXX_LANGUAGE_STANDARD = "gnu++14";
				CLANG_CXX_LIBRARY = "libc++";
				CLANG_ENABLE_MODULES = YES;
				CLANG_ENABLE_OBJC_ARC = YES;
				CLANG_ENABLE_OBJC_WEAK = YES;
				CLANG_WARN_BLOCK_CAPTURE_AUTORELEASING = YES;
				CLANG_WARN_BOOL_CONVERSION = YES;
				CLANG_WARN_COMMA = YES;
				CLANG_WARN_CONSTANT_CONVERSION = YES;
				CLANG_WARN_DEPRECATED_OBJC_IMPLEMENTATIONS = YES;
				CLANG_WARN_DIRECT_OBJC_ISA_USAGE = YES_ERROR;
				CLANG_WARN_DOCUMENTATION_COMMENTS = YES;
				CLANG_WARN_EMPTY_BODY = YES;
				CLANG_WARN_ENUM_CONVERSION = YES;
				CLANG_WARN_INFINITE_RECURSION = YES;
				CLANG_WARN_INT_CONVERSION = YES;
				CLANG_WARN_NON_LITERAL_NULL_CONVERSION = YES;
				CLANG_WARN_OBJC_IMPLICIT_RETAIN_SELF = YES;
				CLANG_WARN_OBJC_LITERAL_CONVERSION = YES;
				CLANG_WARN_OBJC_ROOT_CLASS = YES_ERROR;
				CLANG_WARN_QUOTED_INCLUDE_IN_FRAMEWORK_HEADER = YES;
				CLANG_WARN_RANGE_LOOP_ANALYSIS = YES;
				CLANG_WARN_STRICT_PROTOTYPES = YES;
				CLANG_WARN_SUSPICIOUS_MOVE = YES;
				CLANG_WARN_UNGUARDED_AVAILABILITY = YES_AGGRESSIVE;
				CLANG_WARN_UNREACHABLE_CODE = YES;
				CLANG_WARN__DUPLICATE_METHOD_MATCH = YES;
				COPY_PHASE_STRIP = NO;
				DEBUG_INFORMATION_FORMAT = dwarf;
				DEVELOPMENT_TEAM = 4TAY4CMD35;
				ENABLE_STRICT_OBJC_MSGSEND = YES;
				ENABLE_TESTABILITY = YES;
				GCC_C_LANGUAGE_STANDARD = gnu11;
				GCC_DYNAMIC_NO_PIC = NO;
				GCC_NO_COMMON_BLOCKS = YES;
				GCC_OPTIMIZATION_LEVEL = 0;
				GCC_PREPROCESSOR_DEFINITIONS = (
					"$(inherited)",
					"DEBUG=1",
				);
				GCC_WARN_64_TO_32_BIT_CONVERSION = YES;
				GCC_WARN_ABOUT_RETURN_TYPE = YES_ERROR;
				GCC_WARN_UNDECLARED_SELECTOR = YES;
				GCC_WARN_UNINITIALIZED_AUTOS = YES_AGGRESSIVE;
				GCC_WARN_UNUSED_FUNCTION = YES;
				GCC_WARN_UNUSED_VARIABLE = YES;
				IPHONEOS_DEPLOYMENT_TARGET = 16.0;
				MTL_ENABLE_DEBUG_INFO = INCLUDE_SOURCE;
				MTL_FAST_MATH = YES;
				ONLY_ACTIVE_ARCH = YES;
				PRODUCT_NAME = "$(TARGET_NAME)";
				SDKROOT = iphoneos;
				SWIFT_ACTIVE_COMPILATION_CONDITIONS = DEBUG;
				SWIFT_OPTIMIZATION_LEVEL = "-Onone";
				SWIFT_VERSION = 5.9;
				TARGETED_DEVICE_FAMILY = "1,2";
			};
			name = Debug;
		};
		CD38305DF352D83E4DB36585 /* Debug */ = {
			isa = XCBuildConfiguration;
			buildSettings = {
				ASSETCATALOG_COMPILER_APPICON_NAME = AppIcon;
				CODE_SIGN_IDENTITY = "iPhone Developer";
				INFOPLIST_FILE = MacDeck/Info.plist;
				LD_RUNPATH_SEARCH_PATHS = (
					"$(inherited)",
					"@executable_path/Frameworks",
				);
				PRODUCT_BUNDLE_IDENTIFIER = com.macdeck.MacDeck;
				SDKROOT = iphoneos;
				TARGETED_DEVICE_FAMILY = "1,2";
			};
			name = Debug;
		};
		FA8AD3083B28ED10ED811F35 /* Release */ = {
			isa = XCBuildConfiguration;
			buildSettings = {
				ALWAYS_SEARCH_USER_PATHS = NO;
				CLANG_ANALYZER_NONNULL = YES;
				CLANG_ANALYZER_NUMBER_OBJECT_CONVERSION = YES_AGGRESSIVE;
				CLANG_CXX_LANGUAGE_STANDARD = "gnu++14";
				CLANG_CXX_LIBRARY = "libc++";
				CLANG_ENABLE_MODULES = YES;
				CLANG_ENABLE_OBJC_ARC = YES;
				CLANG_ENABLE_OBJC_WEAK = YES;
				CLANG_WARN_BLOCK_CAPTURE_AUTORELEASING = YES;
				CLANG_WARN_BOOL_CONVERSION = YES;
				CLANG_WARN_COMMA = YES;
				CLANG_WARN_CONSTANT_CONVERSION = YES;
				CLANG_WARN_DEPRECATED_OBJC_IMPLEMENTATIONS = YES;
				CLANG_WARN_DIRECT_OBJC_ISA_USAGE = YES_ERROR;
				CLANG_WARN_DOCUMENTATION_COMMENTS = YES;
				CLANG_WARN_EMPTY_BODY = YES;
				CLANG_WARN_ENUM_CONVERSION = YES;
				CLANG_WARN_INFINITE_RECURSION = YES;
				CLANG_WARN_INT_CONVERSION = YES;
				CLANG_WARN_NON_LITERAL_NULL_CONVERSION = YES;
				CLANG_WARN_OBJC_IMPLICIT_RETAIN_SELF = YES;
				CLANG_WARN_OBJC_LITERAL_CONVERSION = YES;
				CLANG_WARN_OBJC_ROOT_CLASS = YES_ERROR;
				CLANG_WARN_QUOTED_INCLUDE_IN_FRAMEWORK_HEADER = YES;
				CLANG_WARN_RANGE_LOOP_ANALYSIS = YES;
				CLANG_WARN_STRICT_PROTOTYPES = YES;
				CLANG_WARN_SUSPICIOUS_MOVE = YES;
				CLANG_WARN_UNGUARDED_AVAILABILITY = YES_AGGRESSIVE;
				CLANG_WARN_UNREACHABLE_CODE = YES;
				CLANG_WARN__DUPLICATE_METHOD_MATCH = YES;
				COPY_PHASE_STRIP = NO;
				DEBUG_INFORMATION_FORMAT = "dwarf-with-dsym";
				DEVELOPMENT_TEAM = 4TAY4CMD35;
				ENABLE_NS_ASSERTIONS = NO;
				ENABLE_STRICT_OBJC_MSGSEND = YES;
				GCC_C_LANGUAGE_STANDARD = gnu11;
				GCC_NO_COMMON_BLOCKS = YES;
				GCC_WARN_64_TO_32_BIT_CONVERSION = YES;
				GCC_WARN_ABOUT_RETURN_TYPE = YES_ERROR;
				GCC_WARN_UNDECLARED_SELECTOR = YES;
				GCC_WARN_UNINITIALIZED_AUTOS = YES_AGGRESSIVE;
				GCC_WARN_UNUSED_FUNCTION = YES;
				GCC_WARN_UNUSED_VARIABLE = YES;
				IPHONEOS_DEPLOYMENT_TARGET = 16.0;
				MTL_ENABLE_DEBUG_INFO = NO;
				MTL_FAST_MATH = YES;
				PRODUCT_NAME = "$(TARGET_NAME)";
				SDKROOT = iphoneos;
				SWIFT_COMPILATION_MODE = wholemodule;
				SWIFT_OPTIMIZATION_LEVEL = "-O";
				SWIFT_VERSION = 5.9;
				TARGETED_DEVICE_FAMILY = "1,2";
			};
			name = Release;
		};
/* End XCBuildConfiguration section */

/* Begin XCConfigurationList section */
		9C63BF42BC3E1DC0A215B341 /* Build configuration list for PBXProject "MacDeck" */ = {
			isa = XCConfigurationList;
			buildConfigurations = (
				A509A893F744BE47801EF1CB /* Debug */,
				FA8AD3083B28ED10ED811F35 /* Release */,
			);
			defaultConfigurationIsVisible = 0;
			defaultConfigurationName = Debug;
		};
		FAB547B804DFB4B79D6B48F8 /* Build configuration list for PBXNativeTarget "MacDeck" */ = {
			isa = XCConfigurationList;
			buildConfigurations = (
				CD38305DF352D83E4DB36585 /* Debug */,
				682D6906CC19DE07975E4560 /* Release */,
			);
			defaultConfigurationIsVisible = 0;
			defaultConfigurationName = Debug;
		};
/* End XCConfigurationList section */
	};
	rootObject = DF4F024994B982F22962E99E /* Project object */;
}
